// !$*UTF8*$!
{
	archiveVersion = 1;
	classes = {
	};
	objectVersion = 51;
	objects = {

/* Begin PBXBuildFile section */
		30F3091748669D271EADF75D /* Pods_MobileBuyerGuide.framework in Frameworks */ = {isa = PBXBuildFile; fileRef = 8BFFE671A84B2EE404D59178 /* Pods_MobileBuyerGuide.framework */; };
		8D1D2662233098670092DD8D /* ListViewCell.swift in Sources */ = {isa = PBXBuildFile; fileRef = 8D1D2661233098670092DD8D /* ListViewCell.swift */; };
		8D1D26672330BD700092DD8D /* Phone.swift in Sources */ = {isa = PBXBuildFile; fileRef = 8D1D26662330BD700092DD8D /* Phone.swift */; };
		8D1D26692330D9DF0092DD8D /* APIManager.swift in Sources */ = {isa = PBXBuildFile; fileRef = 8D1D26682330D9DF0092DD8D /* APIManager.swift */; };
		8D1D266B23323EA70092DD8D /* SceneListPresenter.swift in Sources */ = {isa = PBXBuildFile; fileRef = 8D1D266A23323EA70092DD8D /* SceneListPresenter.swift */; };
		8D8AA9912339C2A8005AF989 /* DetailCollectionViewCell.swift in Sources */ = {isa = PBXBuildFile; fileRef = 8D8AA9902339C2A8005AF989 /* DetailCollectionViewCell.swift */; };
		8DDB933E232F928D00313485 /* SceneListStore.swift in Sources */ = {isa = PBXBuildFile; fileRef = 8DDB9336232F928D00313485 /* SceneListStore.swift */; };
		8DDB9340232F928D00313485 /* SceneListWorker.swift in Sources */ = {isa = PBXBuildFile; fileRef = 8DDB9338232F928D00313485 /* SceneListWorker.swift */; };
		8DDB9341232F928D00313485 /* SceneListRouter.swift in Sources */ = {isa = PBXBuildFile; fileRef = 8DDB9339232F928D00313485 /* SceneListRouter.swift */; };
		8DDB9342232F928D00313485 /* SceneListModels.swift in Sources */ = {isa = PBXBuildFile; fileRef = 8DDB933A232F928D00313485 /* SceneListModels.swift */; };
		8DDB9343232F928D00313485 /* SceneListViewController.swift in Sources */ = {isa = PBXBuildFile; fileRef = 8DDB933B232F928D00313485 /* SceneListViewController.swift */; };
		8DDB9344232F928D00313485 /* SceneListInteractor.swift in Sources */ = {isa = PBXBuildFile; fileRef = 8DDB933C232F928D00313485 /* SceneListInteractor.swift */; };
		8DDB934F232F92B300313485 /* SceneDetailStore.swift in Sources */ = {isa = PBXBuildFile; fileRef = 8DDB9347232F92B300313485 /* SceneDetailStore.swift */; };
		8DDB9350232F92B300313485 /* SceneDetailPresenter.swift in Sources */ = {isa = PBXBuildFile; fileRef = 8DDB9348232F92B300313485 /* SceneDetailPresenter.swift */; };
		8DDB9351232F92B300313485 /* SceneDetailWorker.swift in Sources */ = {isa = PBXBuildFile; fileRef = 8DDB9349232F92B300313485 /* SceneDetailWorker.swift */; };
		8DDB9352232F92B300313485 /* SceneDetailRouter.swift in Sources */ = {isa = PBXBuildFile; fileRef = 8DDB934A232F92B300313485 /* SceneDetailRouter.swift */; };
		8DDB9353232F92B300313485 /* SceneDetailModels.swift in Sources */ = {isa = PBXBuildFile; fileRef = 8DDB934B232F92B300313485 /* SceneDetailModels.swift */; };
		8DDB9354232F92B300313485 /* SceneDetailViewController.swift in Sources */ = {isa = PBXBuildFile; fileRef = 8DDB934C232F92B300313485 /* SceneDetailViewController.swift */; };
		8DDB9355232F92B300313485 /* SceneDetailInteractor.swift in Sources */ = {isa = PBXBuildFile; fileRef = 8DDB934D232F92B300313485 /* SceneDetailInteractor.swift */; };
		8DDB9358232F974200313485 /* SceneListStoryboard.storyboard in Resources */ = {isa = PBXBuildFile; fileRef = 8DDB9357232F974200313485 /* SceneListStoryboard.storyboard */; };
		8DDB935A232F975900313485 /* SceneDetailStoryboard.storyboard in Resources */ = {isa = PBXBuildFile; fileRef = 8DDB9359232F975900313485 /* SceneDetailStoryboard.storyboard */; };
		AE896C0D22F17400002F80DF /* AppDelegate.swift in Sources */ = {isa = PBXBuildFile; fileRef = AE896C0C22F17400002F80DF /* AppDelegate.swift */; };
		AE896C0F22F17400002F80DF /* ViewController.swift in Sources */ = {isa = PBXBuildFile; fileRef = AE896C0E22F17400002F80DF /* ViewController.swift */; };
		AE896C1422F17401002F80DF /* Assets.xcassets in Resources */ = {isa = PBXBuildFile; fileRef = AE896C1322F17401002F80DF /* Assets.xcassets */; };
		AE896C1722F17401002F80DF /* LaunchScreen.storyboard in Resources */ = {isa = PBXBuildFile; fileRef = AE896C1522F17401002F80DF /* LaunchScreen.storyboard */; };
/* End PBXBuildFile section */

/* Begin PBXFileReference section */
		8BFFE671A84B2EE404D59178 /* Pods_MobileBuyerGuide.framework */ = {isa = PBXFileReference; explicitFileType = wrapper.framework; includeInIndex = 0; path = Pods_MobileBuyerGuide.framework; sourceTree = BUILT_PRODUCTS_DIR; };
		8D1D2661233098670092DD8D /* ListViewCell.swift */ = {isa = PBXFileReference; lastKnownFileType = sourcecode.swift; path = ListViewCell.swift; sourceTree = "<group>"; };
		8D1D26662330BD700092DD8D /* Phone.swift */ = {isa = PBXFileReference; lastKnownFileType = sourcecode.swift; path = Phone.swift; sourceTree = "<group>"; };
		8D1D26682330D9DF0092DD8D /* APIManager.swift */ = {isa = PBXFileReference; fileEncoding = 4; lastKnownFileType = sourcecode.swift; path = APIManager.swift; sourceTree = "<group>"; };
		8D1D266A23323EA70092DD8D /* SceneListPresenter.swift */ = {isa = PBXFileReference; fileEncoding = 4; lastKnownFileType = sourcecode.swift; path = SceneListPresenter.swift; sourceTree = "<group>"; };
		8D8AA9902339C2A8005AF989 /* DetailCollectionViewCell.swift */ = {isa = PBXFileReference; lastKnownFileType = sourcecode.swift; path = DetailCollectionViewCell.swift; sourceTree = "<group>"; };
		8DDB9336232F928D00313485 /* SceneListStore.swift */ = {isa = PBXFileReference; lastKnownFileType = sourcecode.swift; path = SceneListStore.swift; sourceTree = "<group>"; };
		8DDB9338232F928D00313485 /* SceneListWorker.swift */ = {isa = PBXFileReference; lastKnownFileType = sourcecode.swift; path = SceneListWorker.swift; sourceTree = "<group>"; };
		8DDB9339232F928D00313485 /* SceneListRouter.swift */ = {isa = PBXFileReference; lastKnownFileType = sourcecode.swift; path = SceneListRouter.swift; sourceTree = "<group>"; };
		8DDB933A232F928D00313485 /* SceneListModels.swift */ = {isa = PBXFileReference; lastKnownFileType = sourcecode.swift; path = SceneListModels.swift; sourceTree = "<group>"; };
		8DDB933B232F928D00313485 /* SceneListViewController.swift */ = {isa = PBXFileReference; lastKnownFileType = sourcecode.swift; path = SceneListViewController.swift; sourceTree = "<group>"; };
		8DDB933C232F928D00313485 /* SceneListInteractor.swift */ = {isa = PBXFileReference; lastKnownFileType = sourcecode.swift; path = SceneListInteractor.swift; sourceTree = "<group>"; };
		8DDB9347232F92B300313485 /* SceneDetailStore.swift */ = {isa = PBXFileReference; lastKnownFileType = sourcecode.swift; path = SceneDetailStore.swift; sourceTree = "<group>"; };
		8DDB9348232F92B300313485 /* SceneDetailPresenter.swift */ = {isa = PBXFileReference; lastKnownFileType = sourcecode.swift; path = SceneDetailPresenter.swift; sourceTree = "<group>"; };
		8DDB9349232F92B300313485 /* SceneDetailWorker.swift */ = {isa = PBXFileReference; lastKnownFileType = sourcecode.swift; path = SceneDetailWorker.swift; sourceTree = "<group>"; };
		8DDB934A232F92B300313485 /* SceneDetailRouter.swift */ = {isa = PBXFileReference; lastKnownFileType = sourcecode.swift; path = SceneDetailRouter.swift; sourceTree = "<group>"; };
		8DDB934B232F92B300313485 /* SceneDetailModels.swift */ = {isa = PBXFileReference; lastKnownFileType = sourcecode.swift; path = SceneDetailModels.swift; sourceTree = "<group>"; };
		8DDB934C232F92B300313485 /* SceneDetailViewController.swift */ = {isa = PBXFileReference; lastKnownFileType = sourcecode.swift; path = SceneDetailViewController.swift; sourceTree = "<group>"; };
		8DDB934D232F92B300313485 /* SceneDetailInteractor.swift */ = {isa = PBXFileReference; lastKnownFileType = sourcecode.swift; path = SceneDetailInteractor.swift; sourceTree = "<group>"; };
		8DDB9357232F974200313485 /* SceneListStoryboard.storyboard */ = {isa = PBXFileReference; lastKnownFileType = file.storyboard; path = SceneListStoryboard.storyboard; sourceTree = "<group>"; };
		8DDB9359232F975900313485 /* SceneDetailStoryboard.storyboard */ = {isa = PBXFileReference; lastKnownFileType = file.storyboard; path = SceneDetailStoryboard.storyboard; sourceTree = "<group>"; };
		AE896C0922F17400002F80DF /* MobileBuyerGuide.app */ = {isa = PBXFileReference; explicitFileType = wrapper.application; includeInIndex = 0; path = MobileBuyerGuide.app; sourceTree = BUILT_PRODUCTS_DIR; };
		AE896C0C22F17400002F80DF /* AppDelegate.swift */ = {isa = PBXFileReference; lastKnownFileType = sourcecode.swift; path = AppDelegate.swift; sourceTree = "<group>"; };
		AE896C0E22F17400002F80DF /* ViewController.swift */ = {isa = PBXFileReference; lastKnownFileType = sourcecode.swift; path = ViewController.swift; sourceTree = "<group>"; };
		AE896C1322F17401002F80DF /* Assets.xcassets */ = {isa = PBXFileReference; lastKnownFileType = folder.assetcatalog; path = Assets.xcassets; sourceTree = "<group>"; };
		AE896C1622F17401002F80DF /* Base */ = {isa = PBXFileReference; lastKnownFileType = file.storyboard; name = Base; path = Base.lproj/LaunchScreen.storyboard; sourceTree = "<group>"; };
		AE896C1822F17401002F80DF /* Info.plist */ = {isa = PBXFileReference; lastKnownFileType = text.plist.xml; path = Info.plist; sourceTree = "<group>"; };
		AE896C2022F17C2F002F80DF /* Alamofire.framework */ = {isa = PBXFileReference; lastKnownFileType = wrapper.framework; name = Alamofire.framework; path = Carthage/Build/iOS/Alamofire.framework; sourceTree = "<group>"; };
		AE896C2122F17C2F002F80DF /* AlamofireImage.framework */ = {isa = PBXFileReference; lastKnownFileType = wrapper.framework; name = AlamofireImage.framework; path = Carthage/Build/iOS/AlamofireImage.framework; sourceTree = "<group>"; };
		AE896C2222F17C2F002F80DF /* SwiftyJSON.framework */ = {isa = PBXFileReference; lastKnownFileType = wrapper.framework; name = SwiftyJSON.framework; path = Carthage/Build/iOS/SwiftyJSON.framework; sourceTree = "<group>"; };
		B8357C91E56845AF1A8C59AB /* Pods-MobileBuyerGuide.debug.xcconfig */ = {isa = PBXFileReference; includeInIndex = 1; lastKnownFileType = text.xcconfig; name = "Pods-MobileBuyerGuide.debug.xcconfig"; path = "Target Support Files/Pods-MobileBuyerGuide/Pods-MobileBuyerGuide.debug.xcconfig"; sourceTree = "<group>"; };
		BB6E4C81D6CC9661D4244EFB /* Pods-MobileBuyerGuide.release.xcconfig */ = {isa = PBXFileReference; includeInIndex = 1; lastKnownFileType = text.xcconfig; name = "Pods-MobileBuyerGuide.release.xcconfig"; path = "Target Support Files/Pods-MobileBuyerGuide/Pods-MobileBuyerGuide.release.xcconfig"; sourceTree = "<group>"; };
/* End PBXFileReference section */

/* Begin PBXFrameworksBuildPhase section */
		AE896C0622F17400002F80DF /* Frameworks */ = {
			isa = PBXFrameworksBuildPhase;
			buildActionMask = 2147483647;
			files = (
				30F3091748669D271EADF75D /* Pods_MobileBuyerGuide.framework in Frameworks */,
			);
			runOnlyForDeploymentPostprocessing = 0;
		};
/* End PBXFrameworksBuildPhase section */

/* Begin PBXGroup section */
		27D7F3F15F89CE209B06B60C /* Pods */ = {
			isa = PBXGroup;
			children = (
				B8357C91E56845AF1A8C59AB /* Pods-MobileBuyerGuide.debug.xcconfig */,
				BB6E4C81D6CC9661D4244EFB /* Pods-MobileBuyerGuide.release.xcconfig */,
			);
			path = Pods;
			sourceTree = "<group>";
		};
		8D1D26652330BD5D0092DD8D /* Model */ = {
			isa = PBXGroup;
			children = (
				8D1D26662330BD700092DD8D /* Phone.swift */,
			);
			path = Model;
			sourceTree = "<group>";
		};
		8D1D266C23338F240092DD8D /* Scenes */ = {
			isa = PBXGroup;
			children = (
				8DDB9346232F929D00313485 /* Detail */,
				8DDB9334232F918B00313485 /* List */,
			);
			path = Scenes;
			sourceTree = "<group>";
		};
		8DDB9334232F918B00313485 /* List */ = {
			isa = PBXGroup;
			children = (
				8DDB9357232F974200313485 /* SceneListStoryboard.storyboard */,
				8DDB9336232F928D00313485 /* SceneListStore.swift */,
				8D1D266A23323EA70092DD8D /* SceneListPresenter.swift */,
				8DDB9338232F928D00313485 /* SceneListWorker.swift */,
				8DDB9339232F928D00313485 /* SceneListRouter.swift */,
				8DDB933A232F928D00313485 /* SceneListModels.swift */,
				8DDB933B232F928D00313485 /* SceneListViewController.swift */,
				8DDB933C232F928D00313485 /* SceneListInteractor.swift */,
				8D1D2661233098670092DD8D /* ListViewCell.swift */,
			);
			path = List;
			sourceTree = "<group>";
		};
		8DDB9346232F929D00313485 /* Detail */ = {
			isa = PBXGroup;
			children = (
				8DDB9347232F92B300313485 /* SceneDetailStore.swift */,
				8DDB9348232F92B300313485 /* SceneDetailPresenter.swift */,
				8DDB9349232F92B300313485 /* SceneDetailWorker.swift */,
				8DDB934A232F92B300313485 /* SceneDetailRouter.swift */,
				8DDB934B232F92B300313485 /* SceneDetailModels.swift */,
				8DDB934C232F92B300313485 /* SceneDetailViewController.swift */,
				8DDB934D232F92B300313485 /* SceneDetailInteractor.swift */,
				8DDB9359232F975900313485 /* SceneDetailStoryboard.storyboard */,
				8D8AA9902339C2A8005AF989 /* DetailCollectionViewCell.swift */,
			);
			path = Detail;
			sourceTree = "<group>";
		};
		AE896C0022F17400002F80DF = {
			isa = PBXGroup;
			children = (
				AE896C0B22F17400002F80DF /* MobileBuyerGuide */,
				AE896C0A22F17400002F80DF /* Products */,
				AE896C1F22F17C2F002F80DF /* Frameworks */,
				27D7F3F15F89CE209B06B60C /* Pods */,
			);
			sourceTree = "<group>";
		};
		AE896C0A22F17400002F80DF /* Products */ = {
			isa = PBXGroup;
			children = (
				AE896C0922F17400002F80DF /* MobileBuyerGuide.app */,
			);
			name = Products;
			sourceTree = "<group>";
		};
		AE896C0B22F17400002F80DF /* MobileBuyerGuide */ = {
			isa = PBXGroup;
			children = (
				8D1D266C23338F240092DD8D /* Scenes */,
				8D1D26652330BD5D0092DD8D /* Model */,
				AE896C0C22F17400002F80DF /* AppDelegate.swift */,
				8D1D26682330D9DF0092DD8D /* APIManager.swift */,
				AE896C0E22F17400002F80DF /* ViewController.swift */,
				AE896C1322F17401002F80DF /* Assets.xcassets */,
				AE896C1522F17401002F80DF /* LaunchScreen.storyboard */,
				AE896C1822F17401002F80DF /* Info.plist */,
			);
			path = MobileBuyerGuide;
			sourceTree = "<group>";
		};
		AE896C1F22F17C2F002F80DF /* Frameworks */ = {
			isa = PBXGroup;
			children = (
				AE896C2022F17C2F002F80DF /* Alamofire.framework */,
				AE896C2122F17C2F002F80DF /* AlamofireImage.framework */,
				AE896C2222F17C2F002F80DF /* SwiftyJSON.framework */,
				8BFFE671A84B2EE404D59178 /* Pods_MobileBuyerGuide.framework */,
			);
			name = Frameworks;
			sourceTree = "<group>";
		};
/* End PBXGroup section */

/* Begin PBXNativeTarget section */
		AE896C0822F17400002F80DF /* MobileBuyerGuide */ = {
			isa = PBXNativeTarget;
			buildConfigurationList = AE896C1B22F17401002F80DF /* Build configuration list for PBXNativeTarget "MobileBuyerGuide" */;
			buildPhases = (
				0294BD640E83704B7AC08718 /* [CP] Check Pods Manifest.lock */,
				AE896C0522F17400002F80DF /* Sources */,
				AE896C0622F17400002F80DF /* Frameworks */,
				AE896C0722F17400002F80DF /* Resources */,
				AAAA7909278B7296F5B0B269 /* [CP] Embed Pods Frameworks */,
			);
			buildRules = (
			);
			dependencies = (
			);
			name = MobileBuyerGuide;
			productName = MobileBuyerGuide;
			productReference = AE896C0922F17400002F80DF /* MobileBuyerGuide.app */;
			productType = "com.apple.product-type.application";
		};
/* End PBXNativeTarget section */

/* Begin PBXProject section */
		AE896C0122F17400002F80DF /* Project object */ = {
			isa = PBXProject;
			attributes = {
				LastSwiftUpdateCheck = 1030;
				LastUpgradeCheck = 1030;
				ORGANIZATIONNAME = SCB;
				TargetAttributes = {
					AE896C0822F17400002F80DF = {
						CreatedOnToolsVersion = 10.3;
					};
				};
			};
			buildConfigurationList = AE896C0422F17400002F80DF /* Build configuration list for PBXProject "MobileBuyerGuide" */;
			compatibilityVersion = "Xcode 9.3";
			developmentRegion = en;
			hasScannedForEncodings = 0;
			knownRegions = (
				en,
				Base,
			);
			mainGroup = AE896C0022F17400002F80DF;
			productRefGroup = AE896C0A22F17400002F80DF /* Products */;
			projectDirPath = "";
			projectRoot = "";
			targets = (
				AE896C0822F17400002F80DF /* MobileBuyerGuide */,
			);
		};
/* End PBXProject section */

/* Begin PBXResourcesBuildPhase section */
		AE896C0722F17400002F80DF /* Resources */ = {
			isa = PBXResourcesBuildPhase;
			buildActionMask = 2147483647;
			files = (
				8DDB9358232F974200313485 /* SceneListStoryboard.storyboard in Resources */,
				AE896C1722F17401002F80DF /* LaunchScreen.storyboard in Resources */,
				AE896C1422F17401002F80DF /* Assets.xcassets in Resources */,
				8DDB935A232F975900313485 /* SceneDetailStoryboard.storyboard in Resources */,
			);
			runOnlyForDeploymentPostprocessing = 0;
		};
/* End PBXResourcesBuildPhase section */

/* Begin PBXShellScriptBuildPhase section */
		0294BD640E83704B7AC08718 /* [CP] Check Pods Manifest.lock */ = {
			isa = PBXShellScriptBuildPhase;
			buildActionMask = 2147483647;
			files = (
			);
			inputFileListPaths = (
			);
			inputPaths = (
				"${PODS_PODFILE_DIR_PATH}/Podfile.lock",
				"${PODS_ROOT}/Manifest.lock",
			);
			name = "[CP] Check Pods Manifest.lock";
			outputFileListPaths = (
			);
			outputPaths = (
				"$(DERIVED_FILE_DIR)/Pods-MobileBuyerGuide-checkManifestLockResult.txt",
			);
			runOnlyForDeploymentPostprocessing = 0;
			shellPath = /bin/sh;
			shellScript = "diff \"${PODS_PODFILE_DIR_PATH}/Podfile.lock\" \"${PODS_ROOT}/Manifest.lock\" > /dev/null\nif [ $? != 0 ] ; then\n    # print error to STDERR\n    echo \"error: The sandbox is not in sync with the Podfile.lock. Run 'pod install' or update your CocoaPods installation.\" >&2\n    exit 1\nfi\n# This output is used by Xcode 'outputs' to avoid re-running this script phase.\necho \"SUCCESS\" > \"${SCRIPT_OUTPUT_FILE_0}\"\n";
			showEnvVarsInLog = 0;
		};
		AAAA7909278B7296F5B0B269 /* [CP] Embed Pods Frameworks */ = {
			isa = PBXShellScriptBuildPhase;
			buildActionMask = 2147483647;
			files = (
			);
			inputFileListPaths = (
				"${PODS_ROOT}/Target Support Files/Pods-MobileBuyerGuide/Pods-MobileBuyerGuide-frameworks-${CONFIGURATION}-input-files.xcfilelist",
			);
			name = "[CP] Embed Pods Frameworks";
			outputFileListPaths = (
				"${PODS_ROOT}/Target Support Files/Pods-MobileBuyerGuide/Pods-MobileBuyerGuide-frameworks-${CONFIGURATION}-output-files.xcfilelist",
			);
			runOnlyForDeploymentPostprocessing = 0;
			shellPath = /bin/sh;
			shellScript = "\"${PODS_ROOT}/Target Support Files/Pods-MobileBuyerGuide/Pods-MobileBuyerGuide-frameworks.sh\"\n";
			showEnvVarsInLog = 0;
		};
/* End PBXShellScriptBuildPhase section */

/* Begin PBXSourcesBuildPhase section */
		AE896C0522F17400002F80DF /* Sources */ = {
			isa = PBXSourcesBuildPhase;
			buildActionMask = 2147483647;
			files = (
				8D1D26672330BD700092DD8D /* Phone.swift in Sources */,
				AE896C0F22F17400002F80DF /* ViewController.swift in Sources */,
				8DDB9355232F92B300313485 /* SceneDetailInteractor.swift in Sources */,
				8D8AA9912339C2A8005AF989 /* DetailCollectionViewCell.swift in Sources */,
				8DDB9351232F92B300313485 /* SceneDetailWorker.swift in Sources */,
				8DDB9352232F92B300313485 /* SceneDetailRouter.swift in Sources */,
				8DDB9343232F928D00313485 /* SceneListViewController.swift in Sources */,
				8DDB9344232F928D00313485 /* SceneListInteractor.swift in Sources */,
				8DDB9340232F928D00313485 /* SceneListWorker.swift in Sources */,
				8DDB9350232F92B300313485 /* SceneDetailPresenter.swift in Sources */,
				8DDB934F232F92B300313485 /* SceneDetailStore.swift in Sources */,
				8DDB9354232F92B300313485 /* SceneDetailViewController.swift in Sources */,
				8D1D26692330D9DF0092DD8D /* APIManager.swift in Sources */,
				8DDB9341232F928D00313485 /* SceneListRouter.swift in Sources */,
				8DDB933E232F928D00313485 /* SceneListStore.swift in Sources */,
				8DDB9342232F928D00313485 /* SceneListModels.swift in Sources */,
				8DDB9353232F92B300313485 /* SceneDetailModels.swift in Sources */,
				8D1D2662233098670092DD8D /* ListViewCell.swift in Sources */,
				AE896C0D22F17400002F80DF /* AppDelegate.swift in Sources */,
				8D1D266B23323EA70092DD8D /* SceneListPresenter.swift in Sources */,
			);
			runOnlyForDeploymentPostprocessing = 0;
		};
/* End PBXSourcesBuildPhase section */

/* Begin PBXVariantGroup section */
		AE896C1522F17401002F80DF /* LaunchScreen.storyboard */ = {
			isa = PBXVariantGroup;
			children = (
				AE896C1622F17401002F80DF /* Base */,
			);
			name = LaunchScreen.storyboard;
			sourceTree = "<group>";
		};
/* End PBXVariantGroup section */

/* Begin XCBuildConfiguration section */
		AE896C1922F17401002F80DF /* Debug */ = {
			isa = XCBuildConfiguration;
			buildSettings = {
				ALWAYS_SEARCH_USER_PATHS = NO;
				CLANG_ANALYZER_NONNULL = YES;
				CLANG_ANALYZER_NUMBER_OBJECT_CONVERSION = YES_AGGRESSIVE;
				CLANG_CXX_LANGUAGE_STANDARD = "gnu++14";
				CLANG_CXX_LIBRARY = "libc++";
				CLANG_ENABLE_MODULES = YES;
				CLANG_ENABLE_OBJC_ARC = YES;
				CLANG_ENABLE_OBJC_WEAK = YES;
				CLANG_WARN_BLOCK_CAPTURE_AUTORELEASING = YES;
				CLANG_WARN_BOOL_CONVERSION = YES;
				CLANG_WARN_COMMA = YES;
				CLANG_WARN_CONSTANT_CONVERSION = YES;
				CLANG_WARN_DEPRECATED_OBJC_IMPLEMENTATIONS = YES;
				CLANG_WARN_DIRECT_OBJC_ISA_USAGE = YES_ERROR;
				CLANG_WARN_DOCUMENTATION_COMMENTS = YES;
				CLANG_WARN_EMPTY_BODY = YES;
				CLANG_WARN_ENUM_CONVERSION = YES;
				CLANG_WARN_INFINITE_RECURSION = YES;
				CLANG_WARN_INT_CONVERSION = YES;
				CLANG_WARN_NON_LITERAL_NULL_CONVERSION = YES;
				CLANG_WARN_OBJC_IMPLICIT_RETAIN_SELF = YES;
				CLANG_WARN_OBJC_LITERAL_CONVERSION = YES;
				CLANG_WARN_OBJC_ROOT_CLASS = YES_ERROR;
				CLANG_WARN_RANGE_LOOP_ANALYSIS = YES;
				CLANG_WARN_STRICT_PROTOTYPES = YES;
				CLANG_WARN_SUSPICIOUS_MOVE = YES;
				CLANG_WARN_UNGUARDED_AVAILABILITY = YES_AGGRESSIVE;
				CLANG_WARN_UNREACHABLE_CODE = YES;
				CLANG_WARN__DUPLICATE_METHOD_MATCH = YES;
				CODE_SIGN_IDENTITY = "iPhone Developer";
				COPY_PHASE_STRIP = NO;
				DEBUG_INFORMATION_FORMAT = dwarf;
				ENABLE_STRICT_OBJC_MSGSEND = YES;
				ENABLE_TESTABILITY = YES;
				GCC_C_LANGUAGE_STANDARD = gnu11;
				GCC_DYNAMIC_NO_PIC = NO;
				GCC_NO_COMMON_BLOCKS = YES;
				GCC_OPTIMIZATION_LEVEL = 0;
				GCC_PREPROCESSOR_DEFINITIONS = (
					"DEBUG=1",
					"$(inherited)",
				);
				GCC_WARN_64_TO_32_BIT_CONVERSION = YES;
				GCC_WARN_ABOUT_RETURN_TYPE = YES_ERROR;
				GCC_WARN_UNDECLARED_SELECTOR = YES;
				GCC_WARN_UNINITIALIZED_AUTOS = YES_AGGRESSIVE;
				GCC_WARN_UNUSED_FUNCTION = YES;
				GCC_WARN_UNUSED_VARIABLE = YES;
				IPHONEOS_DEPLOYMENT_TARGET = 12.4;
				MTL_ENABLE_DEBUG_INFO = INCLUDE_SOURCE;
				MTL_FAST_MATH = YES;
				ONLY_ACTIVE_ARCH = YES;
				SDKROOT = iphoneos;
				SWIFT_ACTIVE_COMPILATION_CONDITIONS = DEBUG;
				SWIFT_OPTIMIZATION_LEVEL = "-Onone";
			};
			name = Debug;
		};
		AE896C1A22F17401002F80DF /* Release */ = {
			isa = XCBuildConfiguration;
			buildSettings = {
				ALWAYS_SEARCH_USER_PATHS = NO;
				CLANG_ANALYZER_NONNULL = YES;
				CLANG_ANALYZER_NUMBER_OBJECT_CONVERSION = YES_AGGRESSIVE;
				CLANG_CXX_LANGUAGE_STANDARD = "gnu++14";
				CLANG_CXX_LIBRARY = "libc++";
				CLANG_ENABLE_MODULES = YES;
				CLANG_ENABLE_OBJC_ARC = YES;
				CLANG_ENABLE_OBJC_WEAK = YES;
				CLANG_WARN_BLOCK_CAPTURE_AUTORELEASING = YES;
				CLANG_WARN_BOOL_CONVERSION = YES;
				CLANG_WARN_COMMA = YES;
				CLANG_WARN_CONSTANT_CONVERSION = YES;
				CLANG_WARN_DEPRECATED_OBJC_IMPLEMENTATIONS = YES;
				CLANG_WARN_DIRECT_OBJC_ISA_USAGE = YES_ERROR;
				CLANG_WARN_DOCUMENTATION_COMMENTS = YES;
				CLANG_WARN_EMPTY_BODY = YES;
				CLANG_WARN_ENUM_CONVERSION = YES;
				CLANG_WARN_INFINITE_RECURSION = YES;
				CLANG_WARN_INT_CONVERSION = YES;
				CLANG_WARN_NON_LITERAL_NULL_CONVERSION = YES;
				CLANG_WARN_OBJC_IMPLICIT_RETAIN_SELF = YES;
				CLANG_WARN_OBJC_LITERAL_CONVERSION = YES;
				CLANG_WARN_OBJC_ROOT_CLASS = YES_ERROR;
				CLANG_WARN_RANGE_LOOP_ANALYSIS = YES;
				CLANG_WARN_STRICT_PROTOTYPES = YES;
				CLANG_WARN_SUSPICIOUS_MOVE = YES;
				CLANG_WARN_UNGUARDED_AVAILABILITY = YES_AGGRESSIVE;
				CLANG_WARN_UNREACHABLE_CODE = YES;
				CLANG_WARN__DUPLICATE_METHOD_MATCH = YES;
				CODE_SIGN_IDENTITY = "iPhone Developer";
				COPY_PHASE_STRIP = NO;
				DEBUG_INFORMATION_FORMAT = "dwarf-with-dsym";
				ENABLE_NS_ASSERTIONS = NO;
				ENABLE_STRICT_OBJC_MSGSEND = YES;
				GCC_C_LANGUAGE_STANDARD = gnu11;
				GCC_NO_COMMON_BLOCKS = YES;
				GCC_WARN_64_TO_32_BIT_CONVERSION = YES;
				GCC_WARN_ABOUT_RETURN_TYPE = YES_ERROR;
				GCC_WARN_UNDECLARED_SELECTOR = YES;
				GCC_WARN_UNINITIALIZED_AUTOS = YES_AGGRESSIVE;
				GCC_WARN_UNUSED_FUNCTION = YES;
				GCC_WARN_UNUSED_VARIABLE = YES;
				IPHONEOS_DEPLOYMENT_TARGET = 12.4;
				MTL_ENABLE_DEBUG_INFO = NO;
				MTL_FAST_MATH = YES;
				SDKROOT = iphoneos;
				SWIFT_COMPILATION_MODE = wholemodule;
				SWIFT_OPTIMIZATION_LEVEL = "-O";
				VALIDATE_PRODUCT = YES;
			};
			name = Release;
		};
		AE896C1C22F17401002F80DF /* Debug */ = {
			isa = XCBuildConfiguration;
			baseConfigurationReference = B8357C91E56845AF1A8C59AB /* Pods-MobileBuyerGuide.debug.xcconfig */;
			buildSettings = {
				ASSETCATALOG_COMPILER_APPICON_NAME = AppIcon;
				CODE_SIGN_STYLE = Manual;
				DEVELOPMENT_TEAM = "";
				FRAMEWORK_SEARCH_PATHS = (
					"$(inherited)",
					"$(PROJECT_DIR)/Carthage/Build/iOS",
				);
				INFOPLIST_FILE = MobileBuyerGuide/Info.plist;
				LD_RUNPATH_SEARCH_PATHS = (
					"$(inherited)",
					"@executable_path/Frameworks",
				);
				PRODUCT_BUNDLE_IDENTIFIER = com.scb.bootcamp.lab.MobileBuyerGuide;
				PRODUCT_NAME = "$(TARGET_NAME)";
				PROVISIONING_PROFILE_SPECIFIER = "";
				SWIFT_VERSION = 5.0;
				TARGETED_DEVICE_FAMILY = "1,2";
			};
			name = Debug;
		};
		AE896C1D22F17401002F80DF /* Release */ = {
			isa = XCBuildConfiguration;
			baseConfigurationReference = BB6E4C81D6CC9661D4244EFB /* Pods-MobileBuyerGuide.release.xcconfig */;
			buildSettings = {
				ASSETCATALOG_COMPILER_APPICON_NAME = AppIcon;
				CODE_SIGN_STYLE = Manual;
				DEVELOPMENT_TEAM = "";
				FRAMEWORK_SEARCH_PATHS = (
					"$(inherited)",
					"$(PROJECT_DIR)/Carthage/Build/iOS",
				);
				INFOPLIST_FILE = MobileBuyerGuide/Info.plist;
				LD_RUNPATH_SEARCH_PATHS = (
					"$(inherited)",
					"@executable_path/Frameworks",
				);
				PRODUCT_BUNDLE_IDENTIFIER = com.scb.bootcamp.lab.MobileBuyerGuide;
				PRODUCT_NAME = "$(TARGET_NAME)";
				PROVISIONING_PROFILE_SPECIFIER = "";
				SWIFT_VERSION = 5.0;
				TARGETED_DEVICE_FAMILY = "1,2";
			};
			name = Release;
		};
/* End XCBuildConfiguration section */

/* Begin XCConfigurationList section */
		AE896C0422F17400002F80DF /* Build configuration list for PBXProject "MobileBuyerGuide" */ = {
			isa = XCConfigurationList;
			buildConfigurations = (
				AE896C1922F17401002F80DF /* Debug */,
				AE896C1A22F17401002F80DF /* Release */,
			);
			defaultConfigurationIsVisible = 0;
			defaultConfigurationName = Release;
		};
		AE896C1B22F17401002F80DF /* Build configuration list for PBXNativeTarget "MobileBuyerGuide" */ = {
			isa = XCConfigurationList;
			buildConfigurations = (
				AE896C1C22F17401002F80DF /* Debug */,
				AE896C1D22F17401002F80DF /* Release */,
			);
			defaultConfigurationIsVisible = 0;
			defaultConfigurationName = Release;
		};
/* End XCConfigurationList section */
	};
	rootObject = AE896C0122F17400002F80DF /* Project object */;
}
