// !$*UTF8*$!
{
	archiveVersion = 1;
	classes = {
	};
	objectVersion = 51;
	objects = {

/* Begin PBXBuildFile section */
		AE896C0D22F17400002F80DF /* AppDelegate.swift in Sources */ = {isa = PBXBuildFile; fileRef = AE896C0C22F17400002F80DF /* AppDelegate.swift */; };
		AE896C0F22F17400002F80DF /* ViewController.swift in Sources */ = {isa = PBXBuildFile; fileRef = AE896C0E22F17400002F80DF /* ViewController.swift */; };
		AE896C1222F17400002F80DF /* Main.storyboard in Resources */ = {isa = PBXBuildFile; fileRef = AE896C1022F17400002F80DF /* Main.storyboard */; };
		AE896C1422F17401002F80DF /* Assets.xcassets in Resources */ = {isa = PBXBuildFile; fileRef = AE896C1322F17401002F80DF /* Assets.xcassets */; };
		AE896C1722F17401002F80DF /* LaunchScreen.storyboard in Resources */ = {isa = PBXBuildFile; fileRef = AE896C1522F17401002F80DF /* LaunchScreen.storyboard */; };
		AE896C2322F17C2F002F80DF /* Alamofire.framework in Frameworks */ = {isa = PBXBuildFile; fileRef = AE896C2022F17C2F002F80DF /* Alamofire.framework */; };
		AE896C2422F17C2F002F80DF /* AlamofireImage.framework in Frameworks */ = {isa = PBXBuildFile; fileRef = AE896C2122F17C2F002F80DF /* AlamofireImage.framework */; };
		AE896C2522F17C2F002F80DF /* SwiftyJSON.framework in Frameworks */ = {isa = PBXBuildFile; fileRef = AE896C2222F17C2F002F80DF /* SwiftyJSON.framework */; };
/* End PBXBuildFile section */

/* Begin PBXFileReference section */
		AE896C0922F17400002F80DF /* MobileBuyerGuide.app */ = {isa = PBXFileReference; explicitFileType = wrapper.application; includeInIndex = 0; path = MobileBuyerGuide.app; sourceTree = BUILT_PRODUCTS_DIR; };
		AE896C0C22F17400002F80DF /* AppDelegate.swift */ = {isa = PBXFileReference; lastKnownFileType = sourcecode.swift; path = AppDelegate.swift; sourceTree = "<group>"; };
		AE896C0E22F17400002F80DF /* ViewController.swift */ = {isa = PBXFileReference; lastKnownFileType = sourcecode.swift; path = ViewController.swift; sourceTree = "<group>"; };
		AE896C1122F17400002F80DF /* Base */ = {isa = PBXFileReference; lastKnownFileType = file.storyboard; name = Base; path = Base.lproj/Main.storyboard; sourceTree = "<group>"; };
		AE896C1322F17401002F80DF /* Assets.xcassets */ = {isa = PBXFileReference; lastKnownFileType = folder.assetcatalog; path = Assets.xcassets; sourceTree = "<group>"; };
		AE896C1622F17401002F80DF /* Base */ = {isa = PBXFileReference; lastKnownFileType = file.storyboard; name = Base; path = Base.lproj/LaunchScreen.storyboard; sourceTree = "<group>"; };
		AE896C1822F17401002F80DF /* Info.plist */ = {isa = PBXFileReference; lastKnownFileType = text.plist.xml; path = Info.plist; sourceTree = "<group>"; };
		AE896C2022F17C2F002F80DF /* Alamofire.framework */ = {isa = PBXFileReference; lastKnownFileType = wrapper.framework; name = Alamofire.framework; path = Carthage/Build/iOS/Alamofire.framework; sourceTree = "<group>"; };
		AE896C2122F17C2F002F80DF /* AlamofireImage.framework */ = {isa = PBXFileReference; lastKnownFileType = wrapper.framework; name = AlamofireImage.framework; path = Carthage/Build/iOS/AlamofireImage.framework; sourceTree = "<group>"; };
		AE896C2222F17C2F002F80DF /* SwiftyJSON.framework */ = {isa = PBXFileReference; lastKnownFileType = wrapper.framework; name = SwiftyJSON.framework; path = Carthage/Build/iOS/SwiftyJSON.framework; sourceTree = "<group>"; };
/* End PBXFileReference section */

/* Begin PBXFrameworksBuildPhase section */
		AE896C0622F17400002F80DF /* Frameworks */ = {
			isa = PBXFrameworksBuildPhase;
			buildActionMask = 2147483647;
			files = (
				AE896C2322F17C2F002F80DF /* Alamofire.framework in Frameworks */,
				AE896C2422F17C2F002F80DF /* AlamofireImage.framework in Frameworks */,
				AE896C2522F17C2F002F80DF /* SwiftyJSON.framework in Frameworks */,
			);
			runOnlyForDeploymentPostprocessing = 0;
		};
/* End PBXFrameworksBuildPhase section */

/* Begin PBXGroup section */
		AE896C0022F17400002F80DF = {
			isa = PBXGroup;
			children = (
				AE896C0B22F17400002F80DF /* MobileBuyerGuide */,
				AE896C0A22F17400002F80DF /* Products */,
				AE896C1F22F17C2F002F80DF /* Frameworks */,
			);
			sourceTree = "<group>";
		};
		AE896C0A22F17400002F80DF /* Products */ = {
			isa = PBXGroup;
			children = (
				AE896C0922F17400002F80DF /* MobileBuyerGuide.app */,
			);
			name = Products;
			sourceTree = "<group>";
		};
		AE896C0B22F17400002F80DF /* MobileBuyerGuide */ = {
			isa = PBXGroup;
			children = (
				AE896C0C22F17400002F80DF /* AppDelegate.swift */,
				AE896C0E22F17400002F80DF /* ViewController.swift */,
				AE896C1022F17400002F80DF /* Main.storyboard */,
				AE896C1322F17401002F80DF /* Assets.xcassets */,
				AE896C1522F17401002F80DF /* LaunchScreen.storyboard */,
				AE896C1822F17401002F80DF /* Info.plist */,
			);
			path = MobileBuyerGuide;
			sourceTree = "<group>";
		};
		AE896C1F22F17C2F002F80DF /* Frameworks */ = {
			isa = PBXGroup;
			children = (
				AE896C2022F17C2F002F80DF /* Alamofire.framework */,
				AE896C2122F17C2F002F80DF /* AlamofireImage.framework */,
				AE896C2222F17C2F002F80DF /* SwiftyJSON.framework */,
			);
			name = Frameworks;
			sourceTree = "<group>";
		};
/* End PBXGroup section */

/* Begin PBXNativeTarget section */
		AE896C0822F17400002F80DF /* MobileBuyerGuide */ = {
			isa = PBXNativeTarget;
			buildConfigurationList = AE896C1B22F17401002F80DF /* Build configuration list for PBXNativeTarget "MobileBuyerGuide" */;
			buildPhases = (
				AE896C0522F17400002F80DF /* Sources */,
				AE896C0622F17400002F80DF /* Frameworks */,
				AE896C0722F17400002F80DF /* Resources */,
				AE896C1E22F17975002F80DF /* Carthage  */,
			);
			buildRules = (
			);
			dependencies = (
			);
			name = MobileBuyerGuide;
			productName = MobileBuyerGuide;
			productReference = AE896C0922F17400002F80DF /* MobileBuyerGuide.app */;
			productType = "com.apple.product-type.application";
		};
/* End PBXNativeTarget section */

/* Begin PBXProject section */
		AE896C0122F17400002F80DF /* Project object */ = {
			isa = PBXProject;
			attributes = {
				LastSwiftUpdateCheck = 1030;
				LastUpgradeCheck = 1030;
				ORGANIZATIONNAME = SCB;
				TargetAttributes = {
					AE896C0822F17400002F80DF = {
						CreatedOnToolsVersion = 10.3;
					};
				};
			};
			buildConfigurationList = AE896C0422F17400002F80DF /* Build configuration list for PBXProject "MobileBuyerGuide" */;
			compatibilityVersion = "Xcode 9.3";
			developmentRegion = en;
			hasScannedForEncodings = 0;
			knownRegions = (
				en,
				Base,
			);
			mainGroup = AE896C0022F17400002F80DF;
			productRefGroup = AE896C0A22F17400002F80DF /* Products */;
			projectDirPath = "";
			projectRoot = "";
			targets = (
				AE896C0822F17400002F80DF /* MobileBuyerGuide */,
			);
		};
/* End PBXProject section */

/* Begin PBXResourcesBuildPhase section */
		AE896C0722F17400002F80DF /* Resources */ = {
			isa = PBXResourcesBuildPhase;
			buildActionMask = 2147483647;
			files = (
				AE896C1722F17401002F80DF /* LaunchScreen.storyboard in Resources */,
				AE896C1422F17401002F80DF /* Assets.xcassets in Resources */,
				AE896C1222F17400002F80DF /* Main.storyboard in Resources */,
			);
			runOnlyForDeploymentPostprocessing = 0;
		};
/* End PBXResourcesBuildPhase section */

/* Begin PBXShellScriptBuildPhase section */
		AE896C1E22F17975002F80DF /* Carthage  */ = {
			isa = PBXShellScriptBuildPhase;
			buildActionMask = 2147483647;
			files = (
			);
			inputFileListPaths = (
				"$(SRCROOT)/input.xcfilelist",
			);
			inputPaths = (
			);
			name = "Carthage ";
			outputFileListPaths = (
			);
			outputPaths = (
				"$(DERIVED_FILE_DIR)/output.xcfilelist",
			);
			runOnlyForDeploymentPostprocessing = 0;
			shellPath = /bin/sh;
			shellScript = "# Type a script or drag a script file from your workspace to insert its path.\n/usr/local/bin/carthage copy-frameworks\n";
		};
/* End PBXShellScriptBuildPhase section */

/* Begin PBXSourcesBuildPhase section */
		AE896C0522F17400002F80DF /* Sources */ = {
			isa = PBXSourcesBuildPhase;
			buildActionMask = 2147483647;
			files = (
				AE896C0F22F17400002F80DF /* ViewController.swift in Sources */,
				AE896C0D22F17400002F80DF /* AppDelegate.swift in Sources */,
			);
			runOnlyForDeploymentPostprocessing = 0;
		};
/* End PBXSourcesBuildPhase section */

/* Begin PBXVariantGroup section */
		AE896C1022F17400002F80DF /* Main.storyboard */ = {
			isa = PBXVariantGroup;
			children = (
				AE896C1122F17400002F80DF /* Base */,
			);
			name = Main.storyboard;
			sourceTree = "<group>";
		};
		AE896C1522F17401002F80DF /* LaunchScreen.storyboard */ = {
			isa = PBXVariantGroup;
			children = (
				AE896C1622F17401002F80DF /* Base */,
			);
			name = LaunchScreen.storyboard;
			sourceTree = "<group>";
		};
/* End PBXVariantGroup section */

/* Begin XCBuildConfiguration section */
		AE896C1922F17401002F80DF /* Debug */ = {
			isa = XCBuildConfiguration;
			buildSettings = {
				ALWAYS_SEARCH_USER_PATHS = NO;
				CLANG_ANALYZER_NONNULL = YES;
				CLANG_ANALYZER_NUMBER_OBJECT_CONVERSION = YES_AGGRESSIVE;
				CLANG_CXX_LANGUAGE_STANDARD = "gnu++14";
				CLANG_CXX_LIBRARY = "libc++";
				CLANG_ENABLE_MODULES = YES;
				CLANG_ENABLE_OBJC_ARC = YES;
				CLANG_ENABLE_OBJC_WEAK = YES;
				CLANG_WARN_BLOCK_CAPTURE_AUTORELEASING = YES;
				CLANG_WARN_BOOL_CONVERSION = YES;
				CLANG_WARN_COMMA = YES;
				CLANG_WARN_CONSTANT_CONVERSION = YES;
				CLANG_WARN_DEPRECATED_OBJC_IMPLEMENTATIONS = YES;
				CLANG_WARN_DIRECT_OBJC_ISA_USAGE = YES_ERROR;
				CLANG_WARN_DOCUMENTATION_COMMENTS = YES;
				CLANG_WARN_EMPTY_BODY = YES;
				CLANG_WARN_ENUM_CONVERSION = YES;
				CLANG_WARN_INFINITE_RECURSION = YES;
				CLANG_WARN_INT_CONVERSION = YES;
				CLANG_WARN_NON_LITERAL_NULL_CONVERSION = YES;
				CLANG_WARN_OBJC_IMPLICIT_RETAIN_SELF = YES;
				CLANG_WARN_OBJC_LITERAL_CONVERSION = YES;
				CLANG_WARN_OBJC_ROOT_CLASS = YES_ERROR;
				CLANG_WARN_RANGE_LOOP_ANALYSIS = YES;
				CLANG_WARN_STRICT_PROTOTYPES = YES;
				CLANG_WARN_SUSPICIOUS_MOVE = YES;
				CLANG_WARN_UNGUARDED_AVAILABILITY = YES_AGGRESSIVE;
				CLANG_WARN_UNREACHABLE_CODE = YES;
				CLANG_WARN__DUPLICATE_METHOD_MATCH = YES;
				CODE_SIGN_IDENTITY = "iPhone Developer";
				COPY_PHASE_STRIP = NO;
				DEBUG_INFORMATION_FORMAT = dwarf;
				ENABLE_STRICT_OBJC_MSGSEND = YES;
				ENABLE_TESTABILITY = YES;
				GCC_C_LANGUAGE_STANDARD = gnu11;
				GCC_DYNAMIC_NO_PIC = NO;
				GCC_NO_COMMON_BLOCKS = YES;
				GCC_OPTIMIZATION_LEVEL = 0;
				GCC_PREPROCESSOR_DEFINITIONS = (
					"DEBUG=1",
					"$(inherited)",
				);
				GCC_WARN_64_TO_32_BIT_CONVERSION = YES;
				GCC_WARN_ABOUT_RETURN_TYPE = YES_ERROR;
				GCC_WARN_UNDECLARED_SELECTOR = YES;
				GCC_WARN_UNINITIALIZED_AUTOS = YES_AGGRESSIVE;
				GCC_WARN_UNUSED_FUNCTION = YES;
				GCC_WARN_UNUSED_VARIABLE = YES;
				IPHONEOS_DEPLOYMENT_TARGET = 12.4;
				MTL_ENABLE_DEBUG_INFO = INCLUDE_SOURCE;
				MTL_FAST_MATH = YES;
				ONLY_ACTIVE_ARCH = YES;
				SDKROOT = iphoneos;
				SWIFT_ACTIVE_COMPILATION_CONDITIONS = DEBUG;
				SWIFT_OPTIMIZATION_LEVEL = "-Onone";
			};
			name = Debug;
		};
		AE896C1A22F17401002F80DF /* Release */ = {
			isa = XCBuildConfiguration;
			buildSettings = {
				ALWAYS_SEARCH_USER_PATHS = NO;
				CLANG_ANALYZER_NONNULL = YES;
				CLANG_ANALYZER_NUMBER_OBJECT_CONVERSION = YES_AGGRESSIVE;
				CLANG_CXX_LANGUAGE_STANDARD = "gnu++14";
				CLANG_CXX_LIBRARY = "libc++";
				CLANG_ENABLE_MODULES = YES;
				CLANG_ENABLE_OBJC_ARC = YES;
				CLANG_ENABLE_OBJC_WEAK = YES;
				CLANG_WARN_BLOCK_CAPTURE_AUTORELEASING = YES;
				CLANG_WARN_BOOL_CONVERSION = YES;
				CLANG_WARN_COMMA = YES;
				CLANG_WARN_CONSTANT_CONVERSION = YES;
				CLANG_WARN_DEPRECATED_OBJC_IMPLEMENTATIONS = YES;
				CLANG_WARN_DIRECT_OBJC_ISA_USAGE = YES_ERROR;
				CLANG_WARN_DOCUMENTATION_COMMENTS = YES;
				CLANG_WARN_EMPTY_BODY = YES;
				CLANG_WARN_ENUM_CONVERSION = YES;
				CLANG_WARN_INFINITE_RECURSION = YES;
				CLANG_WARN_INT_CONVERSION = YES;
				CLANG_WARN_NON_LITERAL_NULL_CONVERSION = YES;
				CLANG_WARN_OBJC_IMPLICIT_RETAIN_SELF = YES;
				CLANG_WARN_OBJC_LITERAL_CONVERSION = YES;
				CLANG_WARN_OBJC_ROOT_CLASS = YES_ERROR;
				CLANG_WARN_RANGE_LOOP_ANALYSIS = YES;
				CLANG_WARN_STRICT_PROTOTYPES = YES;
				CLANG_WARN_SUSPICIOUS_MOVE = YES;
				CLANG_WARN_UNGUARDED_AVAILABILITY = YES_AGGRESSIVE;
				CLANG_WARN_UNREACHABLE_CODE = YES;
				CLANG_WARN__DUPLICATE_METHOD_MATCH = YES;
				CODE_SIGN_IDENTITY = "iPhone Developer";
				COPY_PHASE_STRIP = NO;
				DEBUG_INFORMATION_FORMAT = "dwarf-with-dsym";
				ENABLE_NS_ASSERTIONS = NO;
				ENABLE_STRICT_OBJC_MSGSEND = YES;
				GCC_C_LANGUAGE_STANDARD = gnu11;
				GCC_NO_COMMON_BLOCKS = YES;
				GCC_WARN_64_TO_32_BIT_CONVERSION = YES;
				GCC_WARN_ABOUT_RETURN_TYPE = YES_ERROR;
				GCC_WARN_UNDECLARED_SELECTOR = YES;
				GCC_WARN_UNINITIALIZED_AUTOS = YES_AGGRESSIVE;
				GCC_WARN_UNUSED_FUNCTION = YES;
				GCC_WARN_UNUSED_VARIABLE = YES;
				IPHONEOS_DEPLOYMENT_TARGET = 12.4;
				MTL_ENABLE_DEBUG_INFO = NO;
				MTL_FAST_MATH = YES;
				SDKROOT = iphoneos;
				SWIFT_COMPILATION_MODE = wholemodule;
				SWIFT_OPTIMIZATION_LEVEL = "-O";
				VALIDATE_PRODUCT = YES;
			};
			name = Release;
		};
		AE896C1C22F17401002F80DF /* Debug */ = {
			isa = XCBuildConfiguration;
			buildSettings = {
				ASSETCATALOG_COMPILER_APPICON_NAME = AppIcon;
				CODE_SIGN_STYLE = Automatic;
				DEVELOPMENT_TEAM = WF47643S5X;
				FRAMEWORK_SEARCH_PATHS = (
					"$(inherited)",
					"$(PROJECT_DIR)/Carthage/Build/iOS",
				);
				INFOPLIST_FILE = MobileBuyerGuide/Info.plist;
				LD_RUNPATH_SEARCH_PATHS = (
					"$(inherited)",
					"@executable_path/Frameworks",
				);
				PRODUCT_BUNDLE_IDENTIFIER = com.scb.bootcamp.lab.MobileBuyerGuide;
				PRODUCT_NAME = "$(TARGET_NAME)";
				SWIFT_VERSION = 5.0;
				TARGETED_DEVICE_FAMILY = "1,2";
			};
			name = Debug;
		};
		AE896C1D22F17401002F80DF /* Release */ = {
			isa = XCBuildConfiguration;
			buildSettings = {
				ASSETCATALOG_COMPILER_APPICON_NAME = AppIcon;
				CODE_SIGN_STYLE = Automatic;
				DEVELOPMENT_TEAM = WF47643S5X;
				FRAMEWORK_SEARCH_PATHS = (
					"$(inherited)",
					"$(PROJECT_DIR)/Carthage/Build/iOS",
				);
				INFOPLIST_FILE = MobileBuyerGuide/Info.plist;
				LD_RUNPATH_SEARCH_PATHS = (
					"$(inherited)",
					"@executable_path/Frameworks",
				);
				PRODUCT_BUNDLE_IDENTIFIER = com.scb.bootcamp.lab.MobileBuyerGuide;
				PRODUCT_NAME = "$(TARGET_NAME)";
				SWIFT_VERSION = 5.0;
				TARGETED_DEVICE_FAMILY = "1,2";
			};
			name = Release;
		};
/* End XCBuildConfiguration section */

/* Begin XCConfigurationList section */
		AE896C0422F17400002F80DF /* Build configuration list for PBXProject "MobileBuyerGuide" */ = {
			isa = XCConfigurationList;
			buildConfigurations = (
				AE896C1922F17401002F80DF /* Debug */,
				AE896C1A22F17401002F80DF /* Release */,
			);
			defaultConfigurationIsVisible = 0;
			defaultConfigurationName = Release;
		};
		AE896C1B22F17401002F80DF /* Build configuration list for PBXNativeTarget "MobileBuyerGuide" */ = {
			isa = XCConfigurationList;
			buildConfigurations = (
				AE896C1C22F17401002F80DF /* Debug */,
				AE896C1D22F17401002F80DF /* Release */,
			);
			defaultConfigurationIsVisible = 0;
			defaultConfigurationName = Release;
		};
/* End XCConfigurationList section */
	};
	rootObject = AE896C0122F17400002F80DF /* Project object */;
}
